
Microsoft Visual Studio Solution File, Format Version 12.00
Project("{FAE04EC0-301F-11D3-BF4B-00C04F79EFBC}") = "OzonEdu.MerchandiseService", "src\OzonEdu.MerchandiseService\OzonEdu.MerchandiseService.csproj", "{3C937E9B-3FC8-454D-8BD1-2A6A174241F2}"
EndProject
Project("{2150E333-8FDC-42A3-9474-1A3956D46DE8}") = "src", "src", "{3FDE8169-5DEC-4D35-BC42-8FF520EA971C}"
EndProject
Project("{2150E333-8FDC-42A3-9474-1A3956D46DE8}") = "tests", "tests", "{CEF7348A-8BC6-4DD1-A81F-0E8F1613A2C2}"
EndProject
Project("{2150E333-8FDC-42A3-9474-1A3956D46DE8}") = "common", "common", "{C7A9462D-2842-4765-97C2-B0CF3F12D9E0}"
ProjectSection(SolutionItems) = preProject
	Dockerfile = Dockerfile
	README.md = README.md
	.gitignore = .gitignore
	.editorconfig = .editorconfig
EndProjectSection
EndProject
Project("{2150E333-8FDC-42A3-9474-1A3956D46DE8}") = "deploy", "deploy", "{2789580E-C191-4E80-A906-30F93F498CAF}"
ProjectSection(SolutionItems) = preProject
	docker-compose.yml = docker-compose.yml
EndProjectSection
EndProject
Project("{FAE04EC0-301F-11D3-BF4B-00C04F79EFBC}") = "OzonEdu.MerchandiseService.HttpModels", "src\OzonEdu.MerchandiseService.HttpModels\OzonEdu.MerchandiseService.HttpModels.csproj", "{34C5338C-FE9D-49E7-A7A0-D097E8DBC784}"
EndProject
Project("{FAE04EC0-301F-11D3-BF4B-00C04F79EFBC}") = "OzonEdu.MerchandiseService.HttpClients", "src\OzonEdu.MerchandiseService.HttpClients\OzonEdu.MerchandiseService.HttpClients.csproj", "{6177B85A-FC15-4EB9-B65B-D63EC57D6A4A}"
EndProject
Global
	GlobalSection(SolutionConfigurationPlatforms) = preSolution
		Debug|Any CPU = Debug|Any CPU
		Release|Any CPU = Release|Any CPU
	EndGlobalSection
	GlobalSection(ProjectConfigurationPlatforms) = postSolution
		{3C937E9B-3FC8-454D-8BD1-2A6A174241F2}.Debug|Any CPU.ActiveCfg = Debug|Any CPU
		{3C937E9B-3FC8-454D-8BD1-2A6A174241F2}.Debug|Any CPU.Build.0 = Debug|Any CPU
		{3C937E9B-3FC8-454D-8BD1-2A6A174241F2}.Release|Any CPU.ActiveCfg = Release|Any CPU
		{3C937E9B-3FC8-454D-8BD1-2A6A174241F2}.Release|Any CPU.Build.0 = Release|Any CPU
		{34C5338C-FE9D-49E7-A7A0-D097E8DBC784}.Debug|Any CPU.ActiveCfg = Debug|Any CPU
		{34C5338C-FE9D-49E7-A7A0-D097E8DBC784}.Debug|Any CPU.Build.0 = Debug|Any CPU
		{34C5338C-FE9D-49E7-A7A0-D097E8DBC784}.Release|Any CPU.ActiveCfg = Release|Any CPU
		{34C5338C-FE9D-49E7-A7A0-D097E8DBC784}.Release|Any CPU.Build.0 = Release|Any CPU
		{6177B85A-FC15-4EB9-B65B-D63EC57D6A4A}.Debug|Any CPU.ActiveCfg = Debug|Any CPU
		{6177B85A-FC15-4EB9-B65B-D63EC57D6A4A}.Debug|Any CPU.Build.0 = Debug|Any CPU
		{6177B85A-FC15-4EB9-B65B-D63EC57D6A4A}.Release|Any CPU.ActiveCfg = Release|Any CPU
		{6177B85A-FC15-4EB9-B65B-D63EC57D6A4A}.Release|Any CPU.Build.0 = Release|Any CPU
	EndGlobalSection
	GlobalSection(NestedProjects) = preSolution
		{3C937E9B-3FC8-454D-8BD1-2A6A174241F2} = {3FDE8169-5DEC-4D35-BC42-8FF520EA971C}
		{34C5338C-FE9D-49E7-A7A0-D097E8DBC784} = {3FDE8169-5DEC-4D35-BC42-8FF520EA971C}
		{6177B85A-FC15-4EB9-B65B-D63EC57D6A4A} = {3FDE8169-5DEC-4D35-BC42-8FF520EA971C}
	EndGlobalSection
EndGlobal
